
Microsoft Visual Studio Solution File, Format Version 12.00
# Visual Studio Version 17
VisualStudioVersion = 17.9.34728.123
MinimumVisualStudioVersion = 10.0.40219.1
Project("{FAE04EC0-301F-11D3-BF4B-00C04F79EFBC}") = "PruebaDarwinRugama", "PruebaDarwinRugama\PruebaDarwinRugama.csproj", "{AECD2D18-5A4C-4980-8FE8-FD9B5CB189A8}"
EndProject
Global
	GlobalSection(SolutionConfigurationPlatforms) = preSolution
		Debug|Any CPU = Debug|Any CPU
		Release|Any CPU = Release|Any CPU
	EndGlobalSection
	GlobalSection(ProjectConfigurationPlatforms) = postSolution
		{AECD2D18-5A4C-4980-8FE8-FD9B5CB189A8}.Debug|Any CPU.ActiveCfg = Debug|Any CPU
		{AECD2D18-5A4C-4980-8FE8-FD9B5CB189A8}.Debug|Any CPU.Build.0 = Debug|Any CPU
		{AECD2D18-5A4C-4980-8FE8-FD9B5CB189A8}.Release|Any CPU.ActiveCfg = Release|Any CPU
		{AECD2D18-5A4C-4980-8FE8-FD9B5CB189A8}.Release|Any CPU.Build.0 = Release|Any CPU
	EndGlobalSection
	GlobalSection(SolutionProperties) = preSolution
		HideSolutionNode = FALSE
	EndGlobalSection
	GlobalSection(ExtensibilityGlobals) = postSolution
		SolutionGuid = {C475A7B5-3CB2-43BA-A0C1-1E62BA7E61CF}
	EndGlobalSection
EndGlobal
